// !$*UTF8*$!
{
	archiveVersion = 1;
	classes = {
	};
	objectVersion = 46;
	objects = {

/* Begin PBXBuildFile section */
		B3054A311CCEE1C200A36054 /* AppDelegate.swift in Sources */ = {isa = PBXBuildFile; fileRef = B3054A301CCEE1C200A36054 /* AppDelegate.swift */; };
		B3054A331CCEE1C200A36054 /* ViewController.swift in Sources */ = {isa = PBXBuildFile; fileRef = B3054A321CCEE1C200A36054 /* ViewController.swift */; };
		B3054A361CCEE1C200A36054 /* Main.storyboard in Resources */ = {isa = PBXBuildFile; fileRef = B3054A341CCEE1C200A36054 /* Main.storyboard */; };
		B3054A381CCEE1C200A36054 /* Assets.xcassets in Resources */ = {isa = PBXBuildFile; fileRef = B3054A371CCEE1C200A36054 /* Assets.xcassets */; };
		B3054A3B1CCEE1C200A36054 /* LaunchScreen.storyboard in Resources */ = {isa = PBXBuildFile; fileRef = B3054A391CCEE1C200A36054 /* LaunchScreen.storyboard */; };
		B3054A461CCEE1C200A36054 /* JanePhotoBrowserTests.swift in Sources */ = {isa = PBXBuildFile; fileRef = B3054A451CCEE1C200A36054 /* JanePhotoBrowserTests.swift */; };
		B3054A511CCEE1C200A36054 /* JanePhotoBrowserUITests.swift in Sources */ = {isa = PBXBuildFile; fileRef = B3054A501CCEE1C200A36054 /* JanePhotoBrowserUITests.swift */; };
		B3054A641CCFC93300A36054 /* PhotoBrowserView.swift in Sources */ = {isa = PBXBuildFile; fileRef = B3054A631CCFC93300A36054 /* PhotoBrowserView.swift */; };
		B3054A661CCFC9FE00A36054 /* PhotoBrowserCell.swift in Sources */ = {isa = PBXBuildFile; fileRef = B3054A651CCFC9FE00A36054 /* PhotoBrowserCell.swift */; };
		B3054A681CCFCA2800A36054 /* PhotoBrowserViewController.swift in Sources */ = {isa = PBXBuildFile; fileRef = B3054A671CCFCA2800A36054 /* PhotoBrowserViewController.swift */; };
		B3054A6A1CCFCA5700A36054 /* PhotoBrowserProtocols.swift in Sources */ = {isa = PBXBuildFile; fileRef = B3054A691CCFCA5700A36054 /* PhotoBrowserProtocols.swift */; };
		B3054A6E1CD00E5400A36054 /* PhotoBrowserTransition.swift in Sources */ = {isa = PBXBuildFile; fileRef = B3054A6D1CD00E5400A36054 /* PhotoBrowserTransition.swift */; };
		F82E51E41D00A31100A0F041 /* PhotoBrowserStyleKit.swift in Sources */ = {isa = PBXBuildFile; fileRef = F82E51E31D00A31100A0F041 /* PhotoBrowserStyleKit.swift */; };
/* End PBXBuildFile section */

/* Begin PBXContainerItemProxy section */
		B3054A421CCEE1C200A36054 /* PBXContainerItemProxy */ = {
			isa = PBXContainerItemProxy;
			containerPortal = B3054A251CCEE1C200A36054 /* Project object */;
			proxyType = 1;
			remoteGlobalIDString = B3054A2C1CCEE1C200A36054;
			remoteInfo = JanePhotoBrowser;
		};
		B3054A4D1CCEE1C200A36054 /* PBXContainerItemProxy */ = {
			isa = PBXContainerItemProxy;
			containerPortal = B3054A251CCEE1C200A36054 /* Project object */;
			proxyType = 1;
			remoteGlobalIDString = B3054A2C1CCEE1C200A36054;
			remoteInfo = JanePhotoBrowser;
		};
/* End PBXContainerItemProxy section */

/* Begin PBXFileReference section */
		B3054A2D1CCEE1C200A36054 /* JanePhotoBrowser.app */ = {isa = PBXFileReference; explicitFileType = wrapper.application; includeInIndex = 0; path = JanePhotoBrowser.app; sourceTree = BUILT_PRODUCTS_DIR; };
		B3054A301CCEE1C200A36054 /* AppDelegate.swift */ = {isa = PBXFileReference; lastKnownFileType = sourcecode.swift; path = AppDelegate.swift; sourceTree = "<group>"; };
		B3054A321CCEE1C200A36054 /* ViewController.swift */ = {isa = PBXFileReference; lastKnownFileType = sourcecode.swift; path = ViewController.swift; sourceTree = "<group>"; };
		B3054A351CCEE1C200A36054 /* Base */ = {isa = PBXFileReference; lastKnownFileType = file.storyboard; name = Base; path = Base.lproj/Main.storyboard; sourceTree = "<group>"; };
		B3054A371CCEE1C200A36054 /* Assets.xcassets */ = {isa = PBXFileReference; lastKnownFileType = folder.assetcatalog; path = Assets.xcassets; sourceTree = "<group>"; };
		B3054A3A1CCEE1C200A36054 /* Base */ = {isa = PBXFileReference; lastKnownFileType = file.storyboard; name = Base; path = Base.lproj/LaunchScreen.storyboard; sourceTree = "<group>"; };
		B3054A3C1CCEE1C200A36054 /* Info.plist */ = {isa = PBXFileReference; lastKnownFileType = text.plist.xml; path = Info.plist; sourceTree = "<group>"; };
		B3054A411CCEE1C200A36054 /* JanePhotoBrowserTests.xctest */ = {isa = PBXFileReference; explicitFileType = wrapper.cfbundle; includeInIndex = 0; path = JanePhotoBrowserTests.xctest; sourceTree = BUILT_PRODUCTS_DIR; };
		B3054A451CCEE1C200A36054 /* JanePhotoBrowserTests.swift */ = {isa = PBXFileReference; lastKnownFileType = sourcecode.swift; path = JanePhotoBrowserTests.swift; sourceTree = "<group>"; };
		B3054A471CCEE1C200A36054 /* Info.plist */ = {isa = PBXFileReference; lastKnownFileType = text.plist.xml; path = Info.plist; sourceTree = "<group>"; };
		B3054A4C1CCEE1C200A36054 /* JanePhotoBrowserUITests.xctest */ = {isa = PBXFileReference; explicitFileType = wrapper.cfbundle; includeInIndex = 0; path = JanePhotoBrowserUITests.xctest; sourceTree = BUILT_PRODUCTS_DIR; };
		B3054A501CCEE1C200A36054 /* JanePhotoBrowserUITests.swift */ = {isa = PBXFileReference; lastKnownFileType = sourcecode.swift; path = JanePhotoBrowserUITests.swift; sourceTree = "<group>"; };
		B3054A521CCEE1C200A36054 /* Info.plist */ = {isa = PBXFileReference; lastKnownFileType = text.plist.xml; path = Info.plist; sourceTree = "<group>"; };
		B3054A631CCFC93300A36054 /* PhotoBrowserView.swift */ = {isa = PBXFileReference; fileEncoding = 4; lastKnownFileType = sourcecode.swift; name = PhotoBrowserView.swift; path = Classes/PhotoBrowserView.swift; sourceTree = "<group>"; };
		B3054A651CCFC9FE00A36054 /* PhotoBrowserCell.swift */ = {isa = PBXFileReference; fileEncoding = 4; lastKnownFileType = sourcecode.swift; name = PhotoBrowserCell.swift; path = Classes/PhotoBrowserCell.swift; sourceTree = "<group>"; };
		B3054A671CCFCA2800A36054 /* PhotoBrowserViewController.swift */ = {isa = PBXFileReference; fileEncoding = 4; lastKnownFileType = sourcecode.swift; name = PhotoBrowserViewController.swift; path = Classes/PhotoBrowserViewController.swift; sourceTree = "<group>"; };
		B3054A691CCFCA5700A36054 /* PhotoBrowserProtocols.swift */ = {isa = PBXFileReference; fileEncoding = 4; lastKnownFileType = sourcecode.swift; name = PhotoBrowserProtocols.swift; path = Classes/PhotoBrowserProtocols.swift; sourceTree = "<group>"; };
		B3054A6D1CD00E5400A36054 /* PhotoBrowserTransition.swift */ = {isa = PBXFileReference; fileEncoding = 4; lastKnownFileType = sourcecode.swift; name = PhotoBrowserTransition.swift; path = Classes/PhotoBrowserTransition.swift; sourceTree = "<group>"; };
		F82E51E31D00A31100A0F041 /* PhotoBrowserStyleKit.swift */ = {isa = PBXFileReference; fileEncoding = 4; lastKnownFileType = sourcecode.swift; name = PhotoBrowserStyleKit.swift; path = Classes/PhotoBrowserStyleKit.swift; sourceTree = "<group>"; };
/* End PBXFileReference section */

/* Begin PBXFrameworksBuildPhase section */
		B3054A2A1CCEE1C200A36054 /* Frameworks */ = {
			isa = PBXFrameworksBuildPhase;
			buildActionMask = 2147483647;
			files = (
			);
			runOnlyForDeploymentPostprocessing = 0;
		};
		B3054A3E1CCEE1C200A36054 /* Frameworks */ = {
			isa = PBXFrameworksBuildPhase;
			buildActionMask = 2147483647;
			files = (
			);
			runOnlyForDeploymentPostprocessing = 0;
		};
		B3054A491CCEE1C200A36054 /* Frameworks */ = {
			isa = PBXFrameworksBuildPhase;
			buildActionMask = 2147483647;
			files = (
			);
			runOnlyForDeploymentPostprocessing = 0;
		};
/* End PBXFrameworksBuildPhase section */

/* Begin PBXGroup section */
		B3054A241CCEE1C200A36054 = {
			isa = PBXGroup;
			children = (
				B3054A2F1CCEE1C200A36054 /* JanePhotoBrowser */,
				B3054A441CCEE1C200A36054 /* JanePhotoBrowserTests */,
				B3054A4F1CCEE1C200A36054 /* JanePhotoBrowserUITests */,
				B3054A2E1CCEE1C200A36054 /* Products */,
			);
			sourceTree = "<group>";
		};
		B3054A2E1CCEE1C200A36054 /* Products */ = {
			isa = PBXGroup;
			children = (
				B3054A2D1CCEE1C200A36054 /* JanePhotoBrowser.app */,
				B3054A411CCEE1C200A36054 /* JanePhotoBrowserTests.xctest */,
				B3054A4C1CCEE1C200A36054 /* JanePhotoBrowserUITests.xctest */,
			);
			name = Products;
			sourceTree = "<group>";
		};
		B3054A2F1CCEE1C200A36054 /* JanePhotoBrowser */ = {
			isa = PBXGroup;
			children = (
				B3054A621CCEE21100A36054 /* Classes */,
				B3054A5E1CCEE1D100A36054 /* Example */,
			);
			path = JanePhotoBrowser;
			sourceTree = "<group>";
		};
		B3054A441CCEE1C200A36054 /* JanePhotoBrowserTests */ = {
			isa = PBXGroup;
			children = (
				B3054A451CCEE1C200A36054 /* JanePhotoBrowserTests.swift */,
				B3054A471CCEE1C200A36054 /* Info.plist */,
			);
			path = JanePhotoBrowserTests;
			sourceTree = "<group>";
		};
		B3054A4F1CCEE1C200A36054 /* JanePhotoBrowserUITests */ = {
			isa = PBXGroup;
			children = (
				B3054A501CCEE1C200A36054 /* JanePhotoBrowserUITests.swift */,
				B3054A521CCEE1C200A36054 /* Info.plist */,
			);
			path = JanePhotoBrowserUITests;
			sourceTree = "<group>";
		};
		B3054A5E1CCEE1D100A36054 /* Example */ = {
			isa = PBXGroup;
			children = (
				B3054A371CCEE1C200A36054 /* Assets.xcassets */,
				B3054A601CCEE1E700A36054 /* Models */,
				B3054A5F1CCEE1DA00A36054 /* View Controllers */,
				B3054A611CCEE1F100A36054 /* Views */,
				B3054A3C1CCEE1C200A36054 /* Info.plist */,
				B3054A301CCEE1C200A36054 /* AppDelegate.swift */,
			);
			name = Example;
			sourceTree = "<group>";
		};
		B3054A5F1CCEE1DA00A36054 /* View Controllers */ = {
			isa = PBXGroup;
			children = (
				B3054A321CCEE1C200A36054 /* ViewController.swift */,
			);
			name = "View Controllers";
			sourceTree = "<group>";
		};
		B3054A601CCEE1E700A36054 /* Models */ = {
			isa = PBXGroup;
			children = (
			);
			name = Models;
			sourceTree = "<group>";
		};
		B3054A611CCEE1F100A36054 /* Views */ = {
			isa = PBXGroup;
			children = (
				B3054A341CCEE1C200A36054 /* Main.storyboard */,
				B3054A391CCEE1C200A36054 /* LaunchScreen.storyboard */,
			);
			name = Views;
			sourceTree = "<group>";
		};
		B3054A621CCEE21100A36054 /* Classes */ = {
			isa = PBXGroup;
			children = (
				B3054A631CCFC93300A36054 /* PhotoBrowserView.swift */,
				B3054A651CCFC9FE00A36054 /* PhotoBrowserCell.swift */,
				B3054A671CCFCA2800A36054 /* PhotoBrowserViewController.swift */,
				B3054A691CCFCA5700A36054 /* PhotoBrowserProtocols.swift */,
				B3054A6D1CD00E5400A36054 /* PhotoBrowserTransition.swift */,
				F82E51E31D00A31100A0F041 /* PhotoBrowserStyleKit.swift */,
			);
			name = Classes;
			sourceTree = "<group>";
		};
/* End PBXGroup section */

/* Begin PBXNativeTarget section */
		B3054A2C1CCEE1C200A36054 /* JanePhotoBrowser */ = {
			isa = PBXNativeTarget;
			buildConfigurationList = B3054A551CCEE1C200A36054 /* Build configuration list for PBXNativeTarget "JanePhotoBrowser" */;
			buildPhases = (
				B3054A291CCEE1C200A36054 /* Sources */,
				B3054A2A1CCEE1C200A36054 /* Frameworks */,
				B3054A2B1CCEE1C200A36054 /* Resources */,
			);
			buildRules = (
			);
			dependencies = (
			);
			name = JanePhotoBrowser;
			productName = JanePhotoBrowser;
			productReference = B3054A2D1CCEE1C200A36054 /* JanePhotoBrowser.app */;
			productType = "com.apple.product-type.application";
		};
		B3054A401CCEE1C200A36054 /* JanePhotoBrowserTests */ = {
			isa = PBXNativeTarget;
			buildConfigurationList = B3054A581CCEE1C200A36054 /* Build configuration list for PBXNativeTarget "JanePhotoBrowserTests" */;
			buildPhases = (
				B3054A3D1CCEE1C200A36054 /* Sources */,
				B3054A3E1CCEE1C200A36054 /* Frameworks */,
				B3054A3F1CCEE1C200A36054 /* Resources */,
			);
			buildRules = (
			);
			dependencies = (
				B3054A431CCEE1C200A36054 /* PBXTargetDependency */,
			);
			name = JanePhotoBrowserTests;
			productName = JanePhotoBrowserTests;
			productReference = B3054A411CCEE1C200A36054 /* JanePhotoBrowserTests.xctest */;
			productType = "com.apple.product-type.bundle.unit-test";
		};
		B3054A4B1CCEE1C200A36054 /* JanePhotoBrowserUITests */ = {
			isa = PBXNativeTarget;
			buildConfigurationList = B3054A5B1CCEE1C200A36054 /* Build configuration list for PBXNativeTarget "JanePhotoBrowserUITests" */;
			buildPhases = (
				B3054A481CCEE1C200A36054 /* Sources */,
				B3054A491CCEE1C200A36054 /* Frameworks */,
				B3054A4A1CCEE1C200A36054 /* Resources */,
			);
			buildRules = (
			);
			dependencies = (
				B3054A4E1CCEE1C200A36054 /* PBXTargetDependency */,
			);
			name = JanePhotoBrowserUITests;
			productName = JanePhotoBrowserUITests;
			productReference = B3054A4C1CCEE1C200A36054 /* JanePhotoBrowserUITests.xctest */;
			productType = "com.apple.product-type.bundle.ui-testing";
		};
/* End PBXNativeTarget section */

/* Begin PBXProject section */
		B3054A251CCEE1C200A36054 /* Project object */ = {
			isa = PBXProject;
			attributes = {
				LastSwiftUpdateCheck = 0730;
				LastUpgradeCheck = 0730;
				ORGANIZATIONNAME = Jane;
				TargetAttributes = {
					B3054A2C1CCEE1C200A36054 = {
						CreatedOnToolsVersion = 7.3;
					};
					B3054A401CCEE1C200A36054 = {
						CreatedOnToolsVersion = 7.3;
						TestTargetID = B3054A2C1CCEE1C200A36054;
					};
					B3054A4B1CCEE1C200A36054 = {
						CreatedOnToolsVersion = 7.3;
						TestTargetID = B3054A2C1CCEE1C200A36054;
					};
				};
			};
			buildConfigurationList = B3054A281CCEE1C200A36054 /* Build configuration list for PBXProject "JanePhotoBrowser" */;
			compatibilityVersion = "Xcode 3.2";
			developmentRegion = English;
			hasScannedForEncodings = 0;
			knownRegions = (
				en,
				Base,
			);
			mainGroup = B3054A241CCEE1C200A36054;
			productRefGroup = B3054A2E1CCEE1C200A36054 /* Products */;
			projectDirPath = "";
			projectRoot = "";
			targets = (
				B3054A2C1CCEE1C200A36054 /* JanePhotoBrowser */,
				B3054A401CCEE1C200A36054 /* JanePhotoBrowserTests */,
				B3054A4B1CCEE1C200A36054 /* JanePhotoBrowserUITests */,
			);
		};
/* End PBXProject section */

/* Begin PBXResourcesBuildPhase section */
		B3054A2B1CCEE1C200A36054 /* Resources */ = {
			isa = PBXResourcesBuildPhase;
			buildActionMask = 2147483647;
			files = (
				B3054A3B1CCEE1C200A36054 /* LaunchScreen.storyboard in Resources */,
				B3054A381CCEE1C200A36054 /* Assets.xcassets in Resources */,
				B3054A361CCEE1C200A36054 /* Main.storyboard in Resources */,
			);
			runOnlyForDeploymentPostprocessing = 0;
		};
		B3054A3F1CCEE1C200A36054 /* Resources */ = {
			isa = PBXResourcesBuildPhase;
			buildActionMask = 2147483647;
			files = (
			);
			runOnlyForDeploymentPostprocessing = 0;
		};
		B3054A4A1CCEE1C200A36054 /* Resources */ = {
			isa = PBXResourcesBuildPhase;
			buildActionMask = 2147483647;
			files = (
			);
			runOnlyForDeploymentPostprocessing = 0;
		};
/* End PBXResourcesBuildPhase section */

/* Begin PBXSourcesBuildPhase section */
		B3054A291CCEE1C200A36054 /* Sources */ = {
			isa = PBXSourcesBuildPhase;
			buildActionMask = 2147483647;
			files = (
				B3054A641CCFC93300A36054 /* PhotoBrowserView.swift in Sources */,
				B3054A6E1CD00E5400A36054 /* PhotoBrowserTransition.swift in Sources */,
				B3054A331CCEE1C200A36054 /* ViewController.swift in Sources */,
				B3054A311CCEE1C200A36054 /* AppDelegate.swift in Sources */,
				F82E51E41D00A31100A0F041 /* PhotoBrowserStyleKit.swift in Sources */,
				B3054A6A1CCFCA5700A36054 /* PhotoBrowserProtocols.swift in Sources */,
				B3054A661CCFC9FE00A36054 /* PhotoBrowserCell.swift in Sources */,
				B3054A681CCFCA2800A36054 /* PhotoBrowserViewController.swift in Sources */,
			);
			runOnlyForDeploymentPostprocessing = 0;
		};
		B3054A3D1CCEE1C200A36054 /* Sources */ = {
			isa = PBXSourcesBuildPhase;
			buildActionMask = 2147483647;
			files = (
				B3054A461CCEE1C200A36054 /* JanePhotoBrowserTests.swift in Sources */,
			);
			runOnlyForDeploymentPostprocessing = 0;
		};
		B3054A481CCEE1C200A36054 /* Sources */ = {
			isa = PBXSourcesBuildPhase;
			buildActionMask = 2147483647;
			files = (
				B3054A511CCEE1C200A36054 /* JanePhotoBrowserUITests.swift in Sources */,
			);
			runOnlyForDeploymentPostprocessing = 0;
		};
/* End PBXSourcesBuildPhase section */

/* Begin PBXTargetDependency section */
		B3054A431CCEE1C200A36054 /* PBXTargetDependency */ = {
			isa = PBXTargetDependency;
			target = B3054A2C1CCEE1C200A36054 /* JanePhotoBrowser */;
			targetProxy = B3054A421CCEE1C200A36054 /* PBXContainerItemProxy */;
		};
		B3054A4E1CCEE1C200A36054 /* PBXTargetDependency */ = {
			isa = PBXTargetDependency;
			target = B3054A2C1CCEE1C200A36054 /* JanePhotoBrowser */;
			targetProxy = B3054A4D1CCEE1C200A36054 /* PBXContainerItemProxy */;
		};
/* End PBXTargetDependency section */

/* Begin PBXVariantGroup section */
		B3054A341CCEE1C200A36054 /* Main.storyboard */ = {
			isa = PBXVariantGroup;
			children = (
				B3054A351CCEE1C200A36054 /* Base */,
			);
			name = Main.storyboard;
			sourceTree = "<group>";
		};
		B3054A391CCEE1C200A36054 /* LaunchScreen.storyboard */ = {
			isa = PBXVariantGroup;
			children = (
				B3054A3A1CCEE1C200A36054 /* Base */,
			);
			name = LaunchScreen.storyboard;
			sourceTree = "<group>";
		};
/* End PBXVariantGroup section */

/* Begin XCBuildConfiguration section */
		B3054A531CCEE1C200A36054 /* Debug */ = {
			isa = XCBuildConfiguration;
			buildSettings = {
				ALWAYS_SEARCH_USER_PATHS = NO;
				CLANG_ANALYZER_NONNULL = YES;
				CLANG_CXX_LANGUAGE_STANDARD = "gnu++0x";
				CLANG_CXX_LIBRARY = "libc++";
				CLANG_ENABLE_MODULES = YES;
				CLANG_ENABLE_OBJC_ARC = YES;
				CLANG_WARN_BOOL_CONVERSION = YES;
				CLANG_WARN_CONSTANT_CONVERSION = YES;
				CLANG_WARN_DIRECT_OBJC_ISA_USAGE = YES_ERROR;
				CLANG_WARN_EMPTY_BODY = YES;
				CLANG_WARN_ENUM_CONVERSION = YES;
				CLANG_WARN_INT_CONVERSION = YES;
				CLANG_WARN_OBJC_ROOT_CLASS = YES_ERROR;
				CLANG_WARN_UNREACHABLE_CODE = YES;
				CLANG_WARN__DUPLICATE_METHOD_MATCH = YES;
				"CODE_SIGN_IDENTITY[sdk=iphoneos*]" = "iPhone Developer";
				COPY_PHASE_STRIP = NO;
				DEBUG_INFORMATION_FORMAT = dwarf;
				ENABLE_STRICT_OBJC_MSGSEND = YES;
				ENABLE_TESTABILITY = YES;
				GCC_C_LANGUAGE_STANDARD = gnu99;
				GCC_DYNAMIC_NO_PIC = NO;
				GCC_NO_COMMON_BLOCKS = YES;
				GCC_OPTIMIZATION_LEVEL = 0;
				GCC_PREPROCESSOR_DEFINITIONS = (
					"DEBUG=1",
					"$(inherited)",
				);
				GCC_WARN_64_TO_32_BIT_CONVERSION = YES;
				GCC_WARN_ABOUT_RETURN_TYPE = YES_ERROR;
				GCC_WARN_UNDECLARED_SELECTOR = YES;
				GCC_WARN_UNINITIALIZED_AUTOS = YES_AGGRESSIVE;
				GCC_WARN_UNUSED_FUNCTION = YES;
				GCC_WARN_UNUSED_VARIABLE = YES;
				IPHONEOS_DEPLOYMENT_TARGET = 9.3;
				MTL_ENABLE_DEBUG_INFO = YES;
				ONLY_ACTIVE_ARCH = YES;
				SDKROOT = iphoneos;
				SWIFT_OPTIMIZATION_LEVEL = "-Onone";
				TARGETED_DEVICE_FAMILY = "1,2";
			};
			name = Debug;
		};
		B3054A541CCEE1C200A36054 /* Release */ = {
			isa = XCBuildConfiguration;
			buildSettings = {
				ALWAYS_SEARCH_USER_PATHS = NO;
				CLANG_ANALYZER_NONNULL = YES;
				CLANG_CXX_LANGUAGE_STANDARD = "gnu++0x";
				CLANG_CXX_LIBRARY = "libc++";
				CLANG_ENABLE_MODULES = YES;
				CLANG_ENABLE_OBJC_ARC = YES;
				CLANG_WARN_BOOL_CONVERSION = YES;
				CLANG_WARN_CONSTANT_CONVERSION = YES;
				CLANG_WARN_DIRECT_OBJC_ISA_USAGE = YES_ERROR;
				CLANG_WARN_EMPTY_BODY = YES;
				CLANG_WARN_ENUM_CONVERSION = YES;
				CLANG_WARN_INT_CONVERSION = YES;
				CLANG_WARN_OBJC_ROOT_CLASS = YES_ERROR;
				CLANG_WARN_UNREACHABLE_CODE = YES;
				CLANG_WARN__DUPLICATE_METHOD_MATCH = YES;
				"CODE_SIGN_IDENTITY[sdk=iphoneos*]" = "iPhone Developer";
				COPY_PHASE_STRIP = NO;
				DEBUG_INFORMATION_FORMAT = "dwarf-with-dsym";
				ENABLE_NS_ASSERTIONS = NO;
				ENABLE_STRICT_OBJC_MSGSEND = YES;
				GCC_C_LANGUAGE_STANDARD = gnu99;
				GCC_NO_COMMON_BLOCKS = YES;
				GCC_WARN_64_TO_32_BIT_CONVERSION = YES;
				GCC_WARN_ABOUT_RETURN_TYPE = YES_ERROR;
				GCC_WARN_UNDECLARED_SELECTOR = YES;
				GCC_WARN_UNINITIALIZED_AUTOS = YES_AGGRESSIVE;
				GCC_WARN_UNUSED_FUNCTION = YES;
				GCC_WARN_UNUSED_VARIABLE = YES;
				IPHONEOS_DEPLOYMENT_TARGET = 9.3;
				MTL_ENABLE_DEBUG_INFO = NO;
				SDKROOT = iphoneos;
				TARGETED_DEVICE_FAMILY = "1,2";
				VALIDATE_PRODUCT = YES;
			};
			name = Release;
		};
		B3054A561CCEE1C200A36054 /* Debug */ = {
			isa = XCBuildConfiguration;
			buildSettings = {
				ASSETCATALOG_COMPILER_APPICON_NAME = AppIcon;
				INFOPLIST_FILE = JanePhotoBrowser/Info.plist;
				IPHONEOS_DEPLOYMENT_TARGET = 8.0;
				LD_RUNPATH_SEARCH_PATHS = "$(inherited) @executable_path/Frameworks";
				PRODUCT_BUNDLE_IDENTIFIER = com.jane.JanePhotoBrowser;
				PRODUCT_NAME = "$(TARGET_NAME)";
			};
			name = Debug;
		};
		B3054A571CCEE1C200A36054 /* Release */ = {
			isa = XCBuildConfiguration;
			buildSettings = {
				ASSETCATALOG_COMPILER_APPICON_NAME = AppIcon;
				INFOPLIST_FILE = JanePhotoBrowser/Info.plist;
				IPHONEOS_DEPLOYMENT_TARGET = 8.0;
				LD_RUNPATH_SEARCH_PATHS = "$(inherited) @executable_path/Frameworks";
				PRODUCT_BUNDLE_IDENTIFIER = com.jane.JanePhotoBrowser;
				PRODUCT_NAME = "$(TARGET_NAME)";
			};
			name = Release;
		};
		B3054A591CCEE1C200A36054 /* Debug */ = {
			isa = XCBuildConfiguration;
			buildSettings = {
				BUNDLE_LOADER = "$(TEST_HOST)";
				INFOPLIST_FILE = JanePhotoBrowserTests/Info.plist;
				LD_RUNPATH_SEARCH_PATHS = "$(inherited) @executable_path/Frameworks @loader_path/Frameworks";
				PRODUCT_BUNDLE_IDENTIFIER = com.jane.JanePhotoBrowserTests;
				PRODUCT_NAME = "$(TARGET_NAME)";
				TEST_HOST = "$(BUILT_PRODUCTS_DIR)/JanePhotoBrowser.app/JanePhotoBrowser";
			};
			name = Debug;
		};
		B3054A5A1CCEE1C200A36054 /* Release */ = {
			isa = XCBuildConfiguration;
			buildSettings = {
				BUNDLE_LOADER = "$(TEST_HOST)";
				INFOPLIST_FILE = JanePhotoBrowserTests/Info.plist;
				LD_RUNPATH_SEARCH_PATHS = "$(inherited) @executable_path/Frameworks @loader_path/Frameworks";
				PRODUCT_BUNDLE_IDENTIFIER = com.jane.JanePhotoBrowserTests;
				PRODUCT_NAME = "$(TARGET_NAME)";
				TEST_HOST = "$(BUILT_PRODUCTS_DIR)/JanePhotoBrowser.app/JanePhotoBrowser";
			};
			name = Release;
		};
		B3054A5C1CCEE1C200A36054 /* Debug */ = {
			isa = XCBuildConfiguration;
			buildSettings = {
				INFOPLIST_FILE = JanePhotoBrowserUITests/Info.plist;
				LD_RUNPATH_SEARCH_PATHS = "$(inherited) @executable_path/Frameworks @loader_path/Frameworks";
				PRODUCT_BUNDLE_IDENTIFIER = com.jane.JanePhotoBrowserUITests;
				PRODUCT_NAME = "$(TARGET_NAME)";
				TEST_TARGET_NAME = JanePhotoBrowser;
			};
			name = Debug;
		};
		B3054A5D1CCEE1C200A36054 /* Release */ = {
			isa = XCBuildConfiguration;
			buildSettings = {
				INFOPLIST_FILE = JanePhotoBrowserUITests/Info.plist;
				LD_RUNPATH_SEARCH_PATHS = "$(inherited) @executable_path/Frameworks @loader_path/Frameworks";
				PRODUCT_BUNDLE_IDENTIFIER = com.jane.JanePhotoBrowserUITests;
				PRODUCT_NAME = "$(TARGET_NAME)";
				TEST_TARGET_NAME = JanePhotoBrowser;
			};
			name = Release;
		};
/* End XCBuildConfiguration section */

/* Begin XCConfigurationList section */
		B3054A281CCEE1C200A36054 /* Build configuration list for PBXProject "JanePhotoBrowser" */ = {
			isa = XCConfigurationList;
			buildConfigurations = (
				B3054A531CCEE1C200A36054 /* Debug */,
				B3054A541CCEE1C200A36054 /* Release */,
			);
			defaultConfigurationIsVisible = 0;
			defaultConfigurationName = Release;
		};
		B3054A551CCEE1C200A36054 /* Build configuration list for PBXNativeTarget "JanePhotoBrowser" */ = {
			isa = XCConfigurationList;
			buildConfigurations = (
				B3054A561CCEE1C200A36054 /* Debug */,
				B3054A571CCEE1C200A36054 /* Release */,
			);
			defaultConfigurationIsVisible = 0;
			defaultConfigurationName = Release;
		};
		B3054A581CCEE1C200A36054 /* Build configuration list for PBXNativeTarget "JanePhotoBrowserTests" */ = {
			isa = XCConfigurationList;
			buildConfigurations = (
				B3054A591CCEE1C200A36054 /* Debug */,
				B3054A5A1CCEE1C200A36054 /* Release */,
			);
			defaultConfigurationIsVisible = 0;
			defaultConfigurationName = Release;
		};
		B3054A5B1CCEE1C200A36054 /* Build configuration list for PBXNativeTarget "JanePhotoBrowserUITests" */ = {
			isa = XCConfigurationList;
			buildConfigurations = (
				B3054A5C1CCEE1C200A36054 /* Debug */,
				B3054A5D1CCEE1C200A36054 /* Release */,
			);
			defaultConfigurationIsVisible = 0;
			defaultConfigurationName = Release;
		};
/* End XCConfigurationList section */
	};
	rootObject = B3054A251CCEE1C200A36054 /* Project object */;
}
